{
  "version": "4",
  "specifiers": {
    "npm:es-hangul@^2.3.1": "2.3.2",
    "npm:hotscript@^1.0.13": "1.0.13",
    "npm:mathjs@^14.2.1": "14.3.1",
    "npm:type-fest@^4.35.0": "4.37.0"
  },
  "npm": {
    "@babel/runtime@7.26.10": {
      "integrity": "sha512-2WJMeRQPHKSPemqk/awGrAiuFfzBmOIPXKizAsVhWH9YJqLZ0H+HS4c8loHGgW6utJ3E/ejXQUsiGaQy2NZ9Fw==",
      "dependencies": [
        "regenerator-runtime"
      ]
    },
    "complex.js@2.4.2": {
      "integrity": "sha512-qtx7HRhPGSCBtGiST4/WGHuW+zeaND/6Ld+db6PbrulIB1i2Ev/2UPiqcmpQNPSyfBKraC0EOvOKCB5dGZKt3g=="
    },
    "decimal.js@10.5.0": {
      "integrity": "sha512-8vDa8Qxvr/+d94hSh5P3IJwI5t8/c0KsMp+g8bNw9cY2icONa5aPfvKeieW1WlG0WQYwwhJ7mjui2xtiePQSXw=="
    },
    "es-hangul@2.3.2": {
      "integrity": "sha512-NHLgutwE1SqeDFtGdZENJDyJ71zFjVNffMIh6YwGHLmOe9UlWJK/y592hWVMC1ZVAOypyiLdMACmZ0RiL11O1g=="
    },
    "escape-latex@1.2.0": {
      "integrity": "sha512-nV5aVWW1K0wEiUIEdZ4erkGGH8mDxGyxSeqPzRNtWP7ataw+/olFObw7hujFWlVjNsaDFw5VZ5NzVSIqRgfTiw=="
    },
    "fraction.js@5.2.1": {
      "integrity": "sha512-Ah6t/7YCYjrPUFUFsOsRLMXAdnYM+aQwmojD2Ayb/Ezr82SwES0vuyQ8qZ3QO8n9j7W14VJuVZZet8U3bhSdQQ=="
    },
    "hotscript@1.0.13": {
      "integrity": "sha512-C++tTF1GqkGYecL+2S1wJTfoH6APGAsbb7PAWQ3iVIwgG/EFseAfEVOKFgAFq4yK3+6j1EjUD4UQ9dRJHX/sSQ=="
    },
    "javascript-natural-sort@0.7.1": {
      "integrity": "sha512-nO6jcEfZWQXDhOiBtG2KvKyEptz7RVbpGP4vTD2hLBdmNQSsCiicO2Ioinv6UI4y9ukqnBpy+XZ9H6uLNgJTlw=="
    },
    "mathjs@14.3.1": {
      "integrity": "sha512-tgN2/TQXWVHegcl/Yw/Rkd/yhq0CagK5KnWmKUJ2/Cz/2JZoq4K2Ili9B3wZqvxaof7TVNoXbyKmA3CV3P9ZsA==",
      "dependencies": [
        "@babel/runtime",
        "complex.js",
        "decimal.js",
        "escape-latex",
        "fraction.js",
        "javascript-natural-sort",
        "seedrandom",
        "tiny-emitter",
        "typed-function"
      ]
    },
    "regenerator-runtime@0.14.1": {
      "integrity": "sha512-dYnhHh0nJoMfnkZs6GmmhFknAGRrLznOu5nc9ML+EJxGvrx6H7teuevqVqCuPcPK//3eDrrjQhehXVx9cnkGdw=="
    },
    "seedrandom@3.0.5": {
      "integrity": "sha512-8OwmbklUNzwezjGInmZ+2clQmExQPvomqjL7LFqOYqtmuxRgQYqOD3mHaU+MvZn5FLUeVxVfQjwLZW/n/JFuqg=="
    },
    "tiny-emitter@2.1.0": {
      "integrity": "sha512-NB6Dk1A9xgQPMoGqC5CVXn123gWyte215ONT5Pp5a0yt4nlEoO1ZWeCwpncaekPHXO60i47ihFnZPiRPjRMq4Q=="
    },
    "type-fest@4.37.0": {
      "integrity": "sha512-S/5/0kFftkq27FPNye0XM1e2NsnoD/3FS+pBmbjmmtLT6I+i344KoOf7pvXreaFsDamWeaJX55nczA1m5PsBDg=="
    },
    "typed-function@4.2.1": {
      "integrity": "sha512-EGjWssW7Tsk4DGfE+5yluuljS1OGYWiI1J6e8puZz9nTMM51Oug8CD5Zo4gWMsOhq5BI+1bF+rWTm4Vbj3ivRA=="
    }
  },
  "workspace": {
    "dependencies": [
      "jsr:@cliffy/ansi@^1.0.0-rc.7",
      "jsr:@pumpn/eslint-config@16",
      "jsr:@radashi-org/radashi@^12.3.4",
      "jsr:@std/assert@1",
      "jsr:@std/fs@^1.0.4",
      "jsr:@std/path@^1.0.6",
      "jsr:@valibot/valibot@^1.0.0-rc.2",
      "npm:es-hangul@^2.3.1",
      "npm:hotscript@^1.0.13",
      "npm:mathjs@^14.2.1",
      "npm:type-fest@^4.35.0"
    ]
  }
}
